# This file was autogenerated by Stack.
# You should not edit this file by hand.
# For more information, please see the documentation at:
#   https://docs.haskellstack.org/en/stable/lock_files

packages: []
snapshots:
- completed:
    size: 515769
    url: https://raw.githubusercontent.com/commercialhaskell/stackage-snapshots/master/lts/8/18.yaml
    sha256: 88d206b806e0fb7f884460b54a1d6008bb5abb0e1d1d5f5066dc78f272c08186
  original: lts-8.18
